
Microsoft Visual Studio Solution File, Format Version 12.00
# Visual Studio Version 17
VisualStudioVersion = 17.1.32414.318
MinimumVisualStudioVersion = 10.0.40219.1
Project("{2150E333-8FDC-42A3-9474-1A3956D46DE8}") = "Services", "Services", "{F5A5EBD2-D606-492A-A826-2949FDACC6BB}"
EndProject
Project("{2150E333-8FDC-42A3-9474-1A3956D46DE8}") = "Catalog", "Catalog", "{A517FB11-342E-4A4C-BDAA-46CE1BB76CE7}"
EndProject
Project("{9A19103F-16F7-4668-BE54-9A1E7A4F7556}") = "Catalog.API", "Services\Catalog\Catalog.API\Catalog.API.csproj", "{A1DBBA46-7CEF-4682-90D7-AE3B051F996A}"
EndProject
Project("{E53339B2-1760-4266-BCC7-CA923CBCF16C}") = "docker-compose", "docker-compose.dcproj", "{5AE2D80C-AF54-4B54-AF54-481333304B8A}"
EndProject
Project("{2150E333-8FDC-42A3-9474-1A3956D46DE8}") = "Basket", "Basket", "{A435309A-86B1-4DAB-A4F4-4ED4C2BA35A8}"
EndProject
Project("{9A19103F-16F7-4668-BE54-9A1E7A4F7556}") = "Basket.API", "Services\Basket\Basket.API\Basket.API.csproj", "{74057E93-4C10-4288-BA83-D3F717914012}"
EndProject
Project("{2150E333-8FDC-42A3-9474-1A3956D46DE8}") = "Discount", "Discount", "{88FAF3C2-FCC7-4A1D-AFE1-F144640D2589}"
EndProject
Project("{9A19103F-16F7-4668-BE54-9A1E7A4F7556}") = "Discount.API", "Services\Discount\Discount.API\Discount.API.csproj", "{04E006F2-71DC-4309-A0B9-005394C4863F}"
EndProject
Project("{2150E333-8FDC-42A3-9474-1A3956D46DE8}") = "Solution Items", "Solution Items", "{2A9082C2-8A30-4F0D-82BA-A51974942E25}"
	ProjectSection(SolutionItems) = preProject
		README.txt = README.txt
	EndProjectSection
EndProject
Project("{9A19103F-16F7-4668-BE54-9A1E7A4F7556}") = "Discount.Grpc", "Services\Discount\Discount.Grpc\Discount.Grpc.csproj", "{5AAF9A9C-E89F-47A8-A2D7-C2CA997B4DBB}"
EndProject
Project("{2150E333-8FDC-42A3-9474-1A3956D46DE8}") = "Ordering", "Ordering", "{1110E74A-FCD7-45D0-949E-0C58D9EDDA68}"
EndProject
Project("{FAE04EC0-301F-11D3-BF4B-00C04F79EFBC}") = "Ordering.API", "Services\Ordering\Ordering.API\Ordering.API.csproj", "{CCA9C7AE-B0B2-4A40-B3FD-F171D0A51969}"
EndProject
Project("{FAE04EC0-301F-11D3-BF4B-00C04F79EFBC}") = "Ordering.Domain", "Services\Ordering\Ordering.Domain\Ordering.Domain.csproj", "{4D815453-8322-4B59-BB07-87BFF47254D0}"
EndProject
Project("{FAE04EC0-301F-11D3-BF4B-00C04F79EFBC}") = "Ordering.Application", "Services\Ordering\Ordering.Application\Ordering.Application.csproj", "{2711CC47-A29C-4D03-B999-464D43FC58E2}"
EndProject
Project("{FAE04EC0-301F-11D3-BF4B-00C04F79EFBC}") = "Ordering.Infrastructure", "Services\Ordering\Ordering.Infrastructure\Ordering.Infrastructure.csproj", "{7831735C-67B5-45B5-A56B-A45EE5AF992C}"
EndProject
Global
	GlobalSection(SolutionConfigurationPlatforms) = preSolution
		Debug|Any CPU = Debug|Any CPU
		Release|Any CPU = Release|Any CPU
	EndGlobalSection
	GlobalSection(ProjectConfigurationPlatforms) = postSolution
		{A1DBBA46-7CEF-4682-90D7-AE3B051F996A}.Debug|Any CPU.ActiveCfg = Debug|Any CPU
		{A1DBBA46-7CEF-4682-90D7-AE3B051F996A}.Debug|Any CPU.Build.0 = Debug|Any CPU
		{A1DBBA46-7CEF-4682-90D7-AE3B051F996A}.Release|Any CPU.ActiveCfg = Release|Any CPU
		{A1DBBA46-7CEF-4682-90D7-AE3B051F996A}.Release|Any CPU.Build.0 = Release|Any CPU
		{5AE2D80C-AF54-4B54-AF54-481333304B8A}.Debug|Any CPU.ActiveCfg = Debug|Any CPU
		{5AE2D80C-AF54-4B54-AF54-481333304B8A}.Debug|Any CPU.Build.0 = Debug|Any CPU
		{5AE2D80C-AF54-4B54-AF54-481333304B8A}.Release|Any CPU.ActiveCfg = Release|Any CPU
		{5AE2D80C-AF54-4B54-AF54-481333304B8A}.Release|Any CPU.Build.0 = Release|Any CPU
		{74057E93-4C10-4288-BA83-D3F717914012}.Debug|Any CPU.ActiveCfg = Debug|Any CPU
		{74057E93-4C10-4288-BA83-D3F717914012}.Debug|Any CPU.Build.0 = Debug|Any CPU
		{74057E93-4C10-4288-BA83-D3F717914012}.Release|Any CPU.ActiveCfg = Release|Any CPU
		{74057E93-4C10-4288-BA83-D3F717914012}.Release|Any CPU.Build.0 = Release|Any CPU
		{04E006F2-71DC-4309-A0B9-005394C4863F}.Debug|Any CPU.ActiveCfg = Debug|Any CPU
		{04E006F2-71DC-4309-A0B9-005394C4863F}.Debug|Any CPU.Build.0 = Debug|Any CPU
		{04E006F2-71DC-4309-A0B9-005394C4863F}.Release|Any CPU.ActiveCfg = Release|Any CPU
		{04E006F2-71DC-4309-A0B9-005394C4863F}.Release|Any CPU.Build.0 = Release|Any CPU
		{5AAF9A9C-E89F-47A8-A2D7-C2CA997B4DBB}.Debug|Any CPU.ActiveCfg = Debug|Any CPU
		{5AAF9A9C-E89F-47A8-A2D7-C2CA997B4DBB}.Debug|Any CPU.Build.0 = Debug|Any CPU
		{5AAF9A9C-E89F-47A8-A2D7-C2CA997B4DBB}.Release|Any CPU.ActiveCfg = Release|Any CPU
		{5AAF9A9C-E89F-47A8-A2D7-C2CA997B4DBB}.Release|Any CPU.Build.0 = Release|Any CPU
		{CCA9C7AE-B0B2-4A40-B3FD-F171D0A51969}.Debug|Any CPU.ActiveCfg = Debug|Any CPU
		{CCA9C7AE-B0B2-4A40-B3FD-F171D0A51969}.Debug|Any CPU.Build.0 = Debug|Any CPU
		{CCA9C7AE-B0B2-4A40-B3FD-F171D0A51969}.Release|Any CPU.ActiveCfg = Release|Any CPU
		{CCA9C7AE-B0B2-4A40-B3FD-F171D0A51969}.Release|Any CPU.Build.0 = Release|Any CPU
		{4D815453-8322-4B59-BB07-87BFF47254D0}.Debug|Any CPU.ActiveCfg = Debug|Any CPU
		{4D815453-8322-4B59-BB07-87BFF47254D0}.Debug|Any CPU.Build.0 = Debug|Any CPU
		{4D815453-8322-4B59-BB07-87BFF47254D0}.Release|Any CPU.ActiveCfg = Release|Any CPU
		{4D815453-8322-4B59-BB07-87BFF47254D0}.Release|Any CPU.Build.0 = Release|Any CPU
		{2711CC47-A29C-4D03-B999-464D43FC58E2}.Debug|Any CPU.ActiveCfg = Debug|Any CPU
		{2711CC47-A29C-4D03-B999-464D43FC58E2}.Debug|Any CPU.Build.0 = Debug|Any CPU
		{2711CC47-A29C-4D03-B999-464D43FC58E2}.Release|Any CPU.ActiveCfg = Release|Any CPU
		{2711CC47-A29C-4D03-B999-464D43FC58E2}.Release|Any CPU.Build.0 = Release|Any CPU
		{7831735C-67B5-45B5-A56B-A45EE5AF992C}.Debug|Any CPU.ActiveCfg = Debug|Any CPU
		{7831735C-67B5-45B5-A56B-A45EE5AF992C}.Debug|Any CPU.Build.0 = Debug|Any CPU
		{7831735C-67B5-45B5-A56B-A45EE5AF992C}.Release|Any CPU.ActiveCfg = Release|Any CPU
		{7831735C-67B5-45B5-A56B-A45EE5AF992C}.Release|Any CPU.Build.0 = Release|Any CPU
	EndGlobalSection
	GlobalSection(SolutionProperties) = preSolution
		HideSolutionNode = FALSE
	EndGlobalSection
	GlobalSection(NestedProjects) = preSolution
		{A517FB11-342E-4A4C-BDAA-46CE1BB76CE7} = {F5A5EBD2-D606-492A-A826-2949FDACC6BB}
		{A1DBBA46-7CEF-4682-90D7-AE3B051F996A} = {A517FB11-342E-4A4C-BDAA-46CE1BB76CE7}
		{A435309A-86B1-4DAB-A4F4-4ED4C2BA35A8} = {F5A5EBD2-D606-492A-A826-2949FDACC6BB}
		{74057E93-4C10-4288-BA83-D3F717914012} = {A435309A-86B1-4DAB-A4F4-4ED4C2BA35A8}
		{88FAF3C2-FCC7-4A1D-AFE1-F144640D2589} = {F5A5EBD2-D606-492A-A826-2949FDACC6BB}
		{04E006F2-71DC-4309-A0B9-005394C4863F} = {88FAF3C2-FCC7-4A1D-AFE1-F144640D2589}
		{5AAF9A9C-E89F-47A8-A2D7-C2CA997B4DBB} = {88FAF3C2-FCC7-4A1D-AFE1-F144640D2589}
		{1110E74A-FCD7-45D0-949E-0C58D9EDDA68} = {F5A5EBD2-D606-492A-A826-2949FDACC6BB}
		{CCA9C7AE-B0B2-4A40-B3FD-F171D0A51969} = {1110E74A-FCD7-45D0-949E-0C58D9EDDA68}
		{4D815453-8322-4B59-BB07-87BFF47254D0} = {1110E74A-FCD7-45D0-949E-0C58D9EDDA68}
		{2711CC47-A29C-4D03-B999-464D43FC58E2} = {1110E74A-FCD7-45D0-949E-0C58D9EDDA68}
		{7831735C-67B5-45B5-A56B-A45EE5AF992C} = {1110E74A-FCD7-45D0-949E-0C58D9EDDA68}
	EndGlobalSection
	GlobalSection(ExtensibilityGlobals) = postSolution
		SolutionGuid = {0864FCEA-D285-4786-82AF-6B2740320EB9}
	EndGlobalSection
EndGlobal
